
Microsoft Visual Studio Solution File, Format Version 12.00
# Visual Studio Version 16
VisualStudioVersion = 16.0.31729.503
MinimumVisualStudioVersion = 10.0.40219.1
Project("{FAE04EC0-301F-11D3-BF4B-00C04F79EFBC}") = "AlgorithmProblem", "AlgorithmProblem\AlgorithmProblem.csproj", "{67D12FD9-40E9-4F84-83EE-955BB88BCBDF}"
EndProject
Global
	GlobalSection(SolutionConfigurationPlatforms) = preSolution
		Debug|Any CPU = Debug|Any CPU
		Release|Any CPU = Release|Any CPU
	EndGlobalSection
	GlobalSection(ProjectConfigurationPlatforms) = postSolution
		{67D12FD9-40E9-4F84-83EE-955BB88BCBDF}.Debug|Any CPU.ActiveCfg = Debug|Any CPU
		{67D12FD9-40E9-4F84-83EE-955BB88BCBDF}.Debug|Any CPU.Build.0 = Debug|Any CPU
		{67D12FD9-40E9-4F84-83EE-955BB88BCBDF}.Release|Any CPU.ActiveCfg = Release|Any CPU
		{67D12FD9-40E9-4F84-83EE-955BB88BCBDF}.Release|Any CPU.Build.0 = Release|Any CPU
	EndGlobalSection
	GlobalSection(SolutionProperties) = preSolution
		HideSolutionNode = FALSE
	EndGlobalSection
	GlobalSection(ExtensibilityGlobals) = postSolution
		SolutionGuid = {100644A2-9652-4224-A19B-3CFB91294290}
	EndGlobalSection
EndGlobal
